
Microsoft Visual Studio Solution File, Format Version 12.00
# Visual Studio 15
Project("{FAE04EC0-301F-11D3-BF4B-00C04F79EFBC}") = "FriendsAsPlants.Droid", "FriendsAsPlants.Droid\FriendsAsPlants.Droid.csproj", "{5F1663AA-2868-43A2-AEE9-EF32019C3598}"
EndProject
Project("{FAE04EC0-301F-11D3-BF4B-00C04F79EFBC}") = "FriendsAsPlants.Test", "FriendsAsPlants.Test\FriendsAsPlants.Test.csproj", "{6484ACD4-C3BB-4064-ACF5-5E10FDB434A1}"
EndProject
Global
	GlobalSection(SolutionConfigurationPlatforms) = preSolution
		Debug|Any CPU = Debug|Any CPU
		Release|Any CPU = Release|Any CPU
	EndGlobalSection
	GlobalSection(ProjectConfigurationPlatforms) = postSolution
		{5F1663AA-2868-43A2-AEE9-EF32019C3598}.Debug|Any CPU.ActiveCfg = Debug|Any CPU
		{5F1663AA-2868-43A2-AEE9-EF32019C3598}.Debug|Any CPU.Build.0 = Debug|Any CPU
		{5F1663AA-2868-43A2-AEE9-EF32019C3598}.Release|Any CPU.ActiveCfg = Release|Any CPU
		{5F1663AA-2868-43A2-AEE9-EF32019C3598}.Release|Any CPU.Build.0 = Release|Any CPU
		{6484ACD4-C3BB-4064-ACF5-5E10FDB434A1}.Debug|Any CPU.ActiveCfg = Debug|Any CPU
		{6484ACD4-C3BB-4064-ACF5-5E10FDB434A1}.Debug|Any CPU.Build.0 = Debug|Any CPU
		{6484ACD4-C3BB-4064-ACF5-5E10FDB434A1}.Release|Any CPU.ActiveCfg = Release|Any CPU
		{6484ACD4-C3BB-4064-ACF5-5E10FDB434A1}.Release|Any CPU.Build.0 = Release|Any CPU
	EndGlobalSection
EndGlobal
